
Microsoft Visual Studio Solution File, Format Version 12.00
# Visual Studio Version 17
VisualStudioVersion = 17.14.36221.1
MinimumVisualStudioVersion = 10.0.40219.1
Project("{FAE04EC0-301F-11D3-BF4B-00C04F79EFBC}") = "StandardViewCreator", "StandardViewCreator.csproj", "{72CBC013-E961-4898-8066-AC93E6FD5588}"
EndProject
Global
	GlobalSection(SolutionConfigurationPlatforms) = preSolution
		Debug|Any CPU = Debug|Any CPU
		Release|Any CPU = Release|Any CPU
	EndGlobalSection
	GlobalSection(ProjectConfigurationPlatforms) = postSolution
		{72CBC013-E961-4898-8066-AC93E6FD5588}.Debug|Any CPU.ActiveCfg = Debug|Any CPU
		{72CBC013-E961-4898-8066-AC93E6FD5588}.Debug|Any CPU.Build.0 = Debug|Any CPU
		{72CBC013-E961-4898-8066-AC93E6FD5588}.Release|Any CPU.ActiveCfg = Release|Any CPU
		{72CBC013-E961-4898-8066-AC93E6FD5588}.Release|Any CPU.Build.0 = Release|Any CPU
	EndGlobalSection
	GlobalSection(SolutionProperties) = preSolution
		HideSolutionNode = FALSE
	EndGlobalSection
	GlobalSection(ExtensibilityGlobals) = postSolution
		SolutionGuid = {23B6A304-5B5F-4B5E-9C1F-DBB7ECEEB1AD}
	EndGlobalSection
EndGlobal
